
Microsoft Visual Studio Solution File, Format Version 12.00
# Visual Studio Version 17
VisualStudioVersion = 17.4.33213.308
MinimumVisualStudioVersion = 10.0.40219.1
Project("{FAE04EC0-301F-11D3-BF4B-00C04F79EFBC}") = "DauevaApp", "DauevaApp\DauevaApp.csproj", "{2A3904AB-751F-43C6-8873-D503FE717F48}"
EndProject
Global
	GlobalSection(SolutionConfigurationPlatforms) = preSolution
		Debug|Any CPU = Debug|Any CPU
		Release|Any CPU = Release|Any CPU
	EndGlobalSection
	GlobalSection(ProjectConfigurationPlatforms) = postSolution
		{2A3904AB-751F-43C6-8873-D503FE717F48}.Debug|Any CPU.ActiveCfg = Debug|Any CPU
		{2A3904AB-751F-43C6-8873-D503FE717F48}.Debug|Any CPU.Build.0 = Debug|Any CPU
		{2A3904AB-751F-43C6-8873-D503FE717F48}.Release|Any CPU.ActiveCfg = Release|Any CPU
		{2A3904AB-751F-43C6-8873-D503FE717F48}.Release|Any CPU.Build.0 = Release|Any CPU
	EndGlobalSection
	GlobalSection(SolutionProperties) = preSolution
		HideSolutionNode = FALSE
	EndGlobalSection
	GlobalSection(ExtensibilityGlobals) = postSolution
		SolutionGuid = {7385CF48-222D-4E43-A226-097660A410AA}
	EndGlobalSection
EndGlobal
